{
    "name": "gpucomputationrender-three",
    "version": "2.0.0",
    "lockfileVersion": 3,
    "requires": true,
    "packages": {
        "": {
            "name": "gpucomputationrender-three",
            "version": "2.0.0",
            "license": "MIT",
            "devDependencies": {
                "@types/three": "^0.93.20",
                "typescript": "^5.0.4"
            },
            "peerDependencies": {
                "three": ">=0.94.0"
            }
        },
        "node_modules/@types/three": {
            "version": "0.93.20",
            "resolved": "https://registry.npmjs.org/@types/three/-/three-0.93.20.tgz",
            "integrity": "sha512-k+YNaO8Ux6b2UQBIwM/fa4fdnBJpsMSxrHVGHXFsoflFUkvy/TPnvMXj396l1VjzzjqFX/vJFEsrYwpUhztD2g==",
            "dev": true
        },
        "node_modules/three": {
            "version": "0.152.0",
            "resolved": "https://registry.npmjs.org/three/-/three-0.152.0.tgz",
            "integrity": "sha512-uvKoYo4b2bnqzsR4RJFuWecxwMKcgT1nFNmiWooCNr6AxZLCtfkj/xcfFgoi5mFopSVorh7bnvTHPfeW8DINGg==",
            "peer": true
        },
        "node_modules/typescript": {
            "version": "5.0.4",
            "resolved": "https://registry.npmjs.org/typescript/-/typescript-5.0.4.tgz",
            "integrity": "sha512-cW9T5W9xY37cc+jfEnaUvX91foxtHkza3Nw3wkoF4sSlKn0MONdkdEndig/qPBWXNkmplh3NzayQzCiHM4/hqw==",
            "dev": true,
            "bin": {
                "tsc": "bin/tsc",
                "tsserver": "bin/tsserver"
            },
            "engines": {
                "node": ">=12.20"
            }
        }
    }
}
